
Microsoft Visual Studio Solution File, Format Version 12.00
# Visual Studio Version 16
VisualStudioVersion = 16.0.32510.428
MinimumVisualStudioVersion = 10.0.40219.1
Project("{FAE04EC0-301F-11D3-BF4B-00C04F79EFBC}") = "Dotnet_SampleApp", "Dotnet_SampleApp\Dotnet_SampleApp.csproj", "{D6A4E7E6-34E6-418F-96E8-03200B9D2268}"
EndProject
Project("{FAE04EC0-301F-11D3-BF4B-00C04F79EFBC}") = "Test", "Test\Test.csproj", "{C4EB300E-7651-4C92-A68E-73D7BD5836AF}"
EndProject
Global
	GlobalSection(SolutionConfigurationPlatforms) = preSolution
		Debug|Any CPU = Debug|Any CPU
		Release|Any CPU = Release|Any CPU
	EndGlobalSection
	GlobalSection(ProjectConfigurationPlatforms) = postSolution
		{D6A4E7E6-34E6-418F-96E8-03200B9D2268}.Debug|Any CPU.ActiveCfg = Debug|Any CPU
		{D6A4E7E6-34E6-418F-96E8-03200B9D2268}.Debug|Any CPU.Build.0 = Debug|Any CPU
		{D6A4E7E6-34E6-418F-96E8-03200B9D2268}.Release|Any CPU.ActiveCfg = Release|Any CPU
		{D6A4E7E6-34E6-418F-96E8-03200B9D2268}.Release|Any CPU.Build.0 = Release|Any CPU
		{C4EB300E-7651-4C92-A68E-73D7BD5836AF}.Debug|Any CPU.ActiveCfg = Debug|Any CPU
		{C4EB300E-7651-4C92-A68E-73D7BD5836AF}.Debug|Any CPU.Build.0 = Debug|Any CPU
		{C4EB300E-7651-4C92-A68E-73D7BD5836AF}.Release|Any CPU.ActiveCfg = Release|Any CPU
		{C4EB300E-7651-4C92-A68E-73D7BD5836AF}.Release|Any CPU.Build.0 = Release|Any CPU
	EndGlobalSection
	GlobalSection(SolutionProperties) = preSolution
		HideSolutionNode = FALSE
	EndGlobalSection
	GlobalSection(ExtensibilityGlobals) = postSolution
		SolutionGuid = {9FF9564E-B2D4-4EB9-A67E-A4648971F698}
	EndGlobalSection
EndGlobal
